
Microsoft Visual Studio Solution File, Format Version 12.00
# Visual Studio Version 17
VisualStudioVersion = 17.6.33712.159
MinimumVisualStudioVersion = 10.0.40219.1
Project("{FAE04EC0-301F-11D3-BF4B-00C04F79EFBC}") = "PickSomeCardsREF", "PickSomeCardsREF\PickSomeCardsREF.csproj", "{70340C08-6D2E-478C-98F2-964200D3E7FA}"
EndProject
Global
	GlobalSection(SolutionConfigurationPlatforms) = preSolution
		Debug|Any CPU = Debug|Any CPU
		Release|Any CPU = Release|Any CPU
	EndGlobalSection
	GlobalSection(ProjectConfigurationPlatforms) = postSolution
		{70340C08-6D2E-478C-98F2-964200D3E7FA}.Debug|Any CPU.ActiveCfg = Debug|Any CPU
		{70340C08-6D2E-478C-98F2-964200D3E7FA}.Debug|Any CPU.Build.0 = Debug|Any CPU
		{70340C08-6D2E-478C-98F2-964200D3E7FA}.Release|Any CPU.ActiveCfg = Release|Any CPU
		{70340C08-6D2E-478C-98F2-964200D3E7FA}.Release|Any CPU.Build.0 = Release|Any CPU
	EndGlobalSection
	GlobalSection(SolutionProperties) = preSolution
		HideSolutionNode = FALSE
	EndGlobalSection
	GlobalSection(ExtensibilityGlobals) = postSolution
		SolutionGuid = {1A66E658-201E-4C7C-BF44-6DE20835BCCB}
	EndGlobalSection
EndGlobal
